
Microsoft Visual Studio Solution File, Format Version 12.00
# Visual Studio Version 17
VisualStudioVersion = 17.1.32228.430
MinimumVisualStudioVersion = 10.0.40219.1
Project("{FAE04EC0-301F-11D3-BF4B-00C04F79EFBC}") = "Tiket", "Tiket\Tiket.csproj", "{F42859C9-B375-4CC1-867A-13C78FA56764}"
EndProject
Global
	GlobalSection(SolutionConfigurationPlatforms) = preSolution
		Debug|Any CPU = Debug|Any CPU
		Release|Any CPU = Release|Any CPU
	EndGlobalSection
	GlobalSection(ProjectConfigurationPlatforms) = postSolution
		{F42859C9-B375-4CC1-867A-13C78FA56764}.Debug|Any CPU.ActiveCfg = Debug|Any CPU
		{F42859C9-B375-4CC1-867A-13C78FA56764}.Debug|Any CPU.Build.0 = Debug|Any CPU
		{F42859C9-B375-4CC1-867A-13C78FA56764}.Release|Any CPU.ActiveCfg = Release|Any CPU
		{F42859C9-B375-4CC1-867A-13C78FA56764}.Release|Any CPU.Build.0 = Release|Any CPU
	EndGlobalSection
	GlobalSection(SolutionProperties) = preSolution
		HideSolutionNode = FALSE
	EndGlobalSection
	GlobalSection(ExtensibilityGlobals) = postSolution
		SolutionGuid = {2683B968-4F24-43CB-BB3A-87296E77D527}
	EndGlobalSection
EndGlobal
